// !$*UTF8*$!
{
	archiveVersion = 1;
	classes = {
	};
	objectVersion = 46;
	objects = {

/* Begin PBXBuildFile section */
		870AF1981B45A1CB00B8DF40 /* AppAppearance.m in Sources */ = {isa = PBXBuildFile; fileRef = 870AF1971B45A1CB00B8DF40 /* AppAppearance.m */; };
		870FDEBA1B2BC833009F48A7 /* CustomCellForWorkoutSession.m in Sources */ = {isa = PBXBuildFile; fileRef = 870FDEB91B2BC833009F48A7 /* CustomCellForWorkoutSession.m */; };
		8731D45A1B40428A001F73EB /* BarGraphVC.m in Sources */ = {isa = PBXBuildFile; fileRef = 8731D4591B40428A001F73EB /* BarGraphVC.m */; };
		8731D47C1B4045A5001F73EB /* EColor.m in Sources */ = {isa = PBXBuildFile; fileRef = 8731D46D1B4045A5001F73EB /* EColor.m */; };
		8731D47D1B4045A5001F73EB /* EColumn.m in Sources */ = {isa = PBXBuildFile; fileRef = 8731D46F1B4045A5001F73EB /* EColumn.m */; };
		8731D47E1B4045A5001F73EB /* EColumnChart.m in Sources */ = {isa = PBXBuildFile; fileRef = 8731D4711B4045A5001F73EB /* EColumnChart.m */; };
		8731D47F1B4045A5001F73EB /* EColumnChartLabel.m in Sources */ = {isa = PBXBuildFile; fileRef = 8731D4731B4045A5001F73EB /* EColumnChartLabel.m */; };
		8731D4801B4045A5001F73EB /* EColumnDataModel.m in Sources */ = {isa = PBXBuildFile; fileRef = 8731D4751B4045A5001F73EB /* EColumnDataModel.m */; };
		8731D4811B4045A5001F73EB /* EFloatBox.m in Sources */ = {isa = PBXBuildFile; fileRef = 8731D4771B4045A5001F73EB /* EFloatBox.m */; };
		8731D4821B4045A5001F73EB /* EViewSwitcher.m in Sources */ = {isa = PBXBuildFile; fileRef = 8731D4791B4045A5001F73EB /* EViewSwitcher.m */; };
		8731D4831B4045A5001F73EB /* UICountingLabel.m in Sources */ = {isa = PBXBuildFile; fileRef = 8731D47B1B4045A5001F73EB /* UICountingLabel.m */; };
		87376AD21B39FEB200B45CA7 /* RepsDataSource.m in Sources */ = {isa = PBXBuildFile; fileRef = 87376AD11B39FEB200B45CA7 /* RepsDataSource.m */; };
		87376AD51B39FFD300B45CA7 /* RepsCustomCell.m in Sources */ = {isa = PBXBuildFile; fileRef = 87376AD41B39FFD300B45CA7 /* RepsCustomCell.m */; };
		8740B86D1B0E759900D60630 /* main.m in Sources */ = {isa = PBXBuildFile; fileRef = 8740B86C1B0E759900D60630 /* main.m */; };
		8740B8701B0E759900D60630 /* AppDelegate.m in Sources */ = {isa = PBXBuildFile; fileRef = 8740B86F1B0E759900D60630 /* AppDelegate.m */; };
		8740B8731B0E759900D60630 /* MainViewController.m in Sources */ = {isa = PBXBuildFile; fileRef = 8740B8721B0E759900D60630 /* MainViewController.m */; };
		8740B8761B0E759900D60630 /* Main.storyboard in Resources */ = {isa = PBXBuildFile; fileRef = 8740B8741B0E759900D60630 /* Main.storyboard */; };
		8740B8781B0E759900D60630 /* Images.xcassets in Resources */ = {isa = PBXBuildFile; fileRef = 8740B8771B0E759900D60630 /* Images.xcassets */; };
		8740B87B1B0E759900D60630 /* LaunchScreen.xib in Resources */ = {isa = PBXBuildFile; fileRef = 8740B8791B0E759900D60630 /* LaunchScreen.xib */; };
		8740B8871B0E759900D60630 /* MyGymAppTests.m in Sources */ = {isa = PBXBuildFile; fileRef = 8740B8861B0E759900D60630 /* MyGymAppTests.m */; };
		8740B8921B0E78B000D60630 /* ProfilleViewController.m in Sources */ = {isa = PBXBuildFile; fileRef = 8740B8911B0E78B000D60630 /* ProfilleViewController.m */; };
		8740B8951B0ED8D100D60630 /* Model.xcdatamodeld in Sources */ = {isa = PBXBuildFile; fileRef = 8740B8931B0ED8D100D60630 /* Model.xcdatamodeld */; };
		8740B89B1B0EDBDC00D60630 /* Stack.m in Sources */ = {isa = PBXBuildFile; fileRef = 8740B89A1B0EDBDC00D60630 /* Stack.m */; };
		8740B89E1B0EDC9300D60630 /* ModelController.m in Sources */ = {isa = PBXBuildFile; fileRef = 8740B89D1B0EDC9300D60630 /* ModelController.m */; };
		8740B8A41B0FAB5400D60630 /* CoreData.framework in Frameworks */ = {isa = PBXBuildFile; fileRef = 8740B8A31B0FAB5400D60630 /* CoreData.framework */; };
		87497ECF1B3D0029004E5355 /* Exercise.m in Sources */ = {isa = PBXBuildFile; fileRef = 87497EC61B3D0029004E5355 /* Exercise.m */; };
		87497ED01B3D0029004E5355 /* Rep.m in Sources */ = {isa = PBXBuildFile; fileRef = 87497EC81B3D0029004E5355 /* Rep.m */; };
		87497ED11B3D0029004E5355 /* BodyPart.m in Sources */ = {isa = PBXBuildFile; fileRef = 87497ECA1B3D0029004E5355 /* BodyPart.m */; };
		87497ED21B3D0029004E5355 /* WorkoutSession.m in Sources */ = {isa = PBXBuildFile; fileRef = 87497ECC1B3D0029004E5355 /* WorkoutSession.m */; };
		87497ED31B3D0029004E5355 /* User.m in Sources */ = {isa = PBXBuildFile; fileRef = 87497ECE1B3D0029004E5355 /* User.m */; };
		8755144C1B348A6C003C7FFE /* RepsViewController.m in Sources */ = {isa = PBXBuildFile; fileRef = 8755144B1B348A6C003C7FFE /* RepsViewController.m */; };
		87CE6E371B41D11000AE1E3C /* BodyPartExercisesDataSource.m in Sources */ = {isa = PBXBuildFile; fileRef = 87CE6E361B41D11000AE1E3C /* BodyPartExercisesDataSource.m */; };
		87CE6E3A1B41D16100AE1E3C /* BodypartExerciseCustomCell.m in Sources */ = {isa = PBXBuildFile; fileRef = 87CE6E391B41D16100AE1E3C /* BodypartExerciseCustomCell.m */; };
		87CFC1A81B1D4EDA004DEC16 /* WorkOutSessionsViewController.m in Sources */ = {isa = PBXBuildFile; fileRef = 87CFC1A71B1D4EDA004DEC16 /* WorkOutSessionsViewController.m */; };
		87CFC1AB1B1D4F4B004DEC16 /* WorkOutSessionsDataSource.m in Sources */ = {isa = PBXBuildFile; fileRef = 87CFC1AA1B1D4F4B004DEC16 /* WorkOutSessionsDataSource.m */; };
		87D03C8B1B3869A000AD0CC2 /* AddExerciseDataSource.m in Sources */ = {isa = PBXBuildFile; fileRef = 87D03C8A1B3869A000AD0CC2 /* AddExerciseDataSource.m */; };
		87D171A31B30C86C00D3995D /* AddExercisesVC.m in Sources */ = {isa = PBXBuildFile; fileRef = 87D171A21B30C86C00D3995D /* AddExercisesVC.m */; };
/* End PBXBuildFile section */

/* Begin PBXContainerItemProxy section */
		8740B8811B0E759900D60630 /* PBXContainerItemProxy */ = {
			isa = PBXContainerItemProxy;
			containerPortal = 8740B85F1B0E759900D60630 /* Project object */;
			proxyType = 1;
			remoteGlobalIDString = 8740B8661B0E759900D60630;
			remoteInfo = MyGymApp;
		};
/* End PBXContainerItemProxy section */

/* Begin PBXFileReference section */
		870AF1961B45A1CB00B8DF40 /* AppAppearance.h */ = {isa = PBXFileReference; fileEncoding = 4; lastKnownFileType = sourcecode.c.h; name = AppAppearance.h; path = ../AppAppearance.h; sourceTree = "<group>"; };
		870AF1971B45A1CB00B8DF40 /* AppAppearance.m */ = {isa = PBXFileReference; fileEncoding = 4; lastKnownFileType = sourcecode.c.objc; name = AppAppearance.m; path = ../AppAppearance.m; sourceTree = "<group>"; };
		870FDEB81B2BC833009F48A7 /* CustomCellForWorkoutSession.h */ = {isa = PBXFileReference; fileEncoding = 4; lastKnownFileType = sourcecode.c.h; name = CustomCellForWorkoutSession.h; path = ../CustomCellForWorkoutSession.h; sourceTree = "<group>"; };
		870FDEB91B2BC833009F48A7 /* CustomCellForWorkoutSession.m */ = {isa = PBXFileReference; fileEncoding = 4; lastKnownFileType = sourcecode.c.objc; name = CustomCellForWorkoutSession.m; path = ../CustomCellForWorkoutSession.m; sourceTree = "<group>"; };
		8731D4581B40428A001F73EB /* BarGraphVC.h */ = {isa = PBXFileReference; fileEncoding = 4; lastKnownFileType = sourcecode.c.h; path = BarGraphVC.h; sourceTree = "<group>"; };
		8731D4591B40428A001F73EB /* BarGraphVC.m */ = {isa = PBXFileReference; fileEncoding = 4; lastKnownFileType = sourcecode.c.objc; path = BarGraphVC.m; sourceTree = "<group>"; };
		8731D46C1B4045A5001F73EB /* EColor.h */ = {isa = PBXFileReference; fileEncoding = 4; lastKnownFileType = sourcecode.c.h; path = EColor.h; sourceTree = "<group>"; };
		8731D46D1B4045A5001F73EB /* EColor.m */ = {isa = PBXFileReference; fileEncoding = 4; lastKnownFileType = sourcecode.c.objc; path = EColor.m; sourceTree = "<group>"; };
		8731D46E1B4045A5001F73EB /* EColumn.h */ = {isa = PBXFileReference; fileEncoding = 4; lastKnownFileType = sourcecode.c.h; path = EColumn.h; sourceTree = "<group>"; };
		8731D46F1B4045A5001F73EB /* EColumn.m */ = {isa = PBXFileReference; fileEncoding = 4; lastKnownFileType = sourcecode.c.objc; path = EColumn.m; sourceTree = "<group>"; };
		8731D4701B4045A5001F73EB /* EColumnChart.h */ = {isa = PBXFileReference; fileEncoding = 4; lastKnownFileType = sourcecode.c.h; path = EColumnChart.h; sourceTree = "<group>"; };
		8731D4711B4045A5001F73EB /* EColumnChart.m */ = {isa = PBXFileReference; fileEncoding = 4; lastKnownFileType = sourcecode.c.objc; path = EColumnChart.m; sourceTree = "<group>"; };
		8731D4721B4045A5001F73EB /* EColumnChartLabel.h */ = {isa = PBXFileReference; fileEncoding = 4; lastKnownFileType = sourcecode.c.h; path = EColumnChartLabel.h; sourceTree = "<group>"; };
		8731D4731B4045A5001F73EB /* EColumnChartLabel.m */ = {isa = PBXFileReference; fileEncoding = 4; lastKnownFileType = sourcecode.c.objc; path = EColumnChartLabel.m; sourceTree = "<group>"; };
		8731D4741B4045A5001F73EB /* EColumnDataModel.h */ = {isa = PBXFileReference; fileEncoding = 4; lastKnownFileType = sourcecode.c.h; path = EColumnDataModel.h; sourceTree = "<group>"; };
		8731D4751B4045A5001F73EB /* EColumnDataModel.m */ = {isa = PBXFileReference; fileEncoding = 4; lastKnownFileType = sourcecode.c.objc; path = EColumnDataModel.m; sourceTree = "<group>"; };
		8731D4761B4045A5001F73EB /* EFloatBox.h */ = {isa = PBXFileReference; fileEncoding = 4; lastKnownFileType = sourcecode.c.h; path = EFloatBox.h; sourceTree = "<group>"; };
		8731D4771B4045A5001F73EB /* EFloatBox.m */ = {isa = PBXFileReference; fileEncoding = 4; lastKnownFileType = sourcecode.c.objc; path = EFloatBox.m; sourceTree = "<group>"; };
		8731D4781B4045A5001F73EB /* EViewSwitcher.h */ = {isa = PBXFileReference; fileEncoding = 4; lastKnownFileType = sourcecode.c.h; path = EViewSwitcher.h; sourceTree = "<group>"; };
		8731D4791B4045A5001F73EB /* EViewSwitcher.m */ = {isa = PBXFileReference; fileEncoding = 4; lastKnownFileType = sourcecode.c.objc; path = EViewSwitcher.m; sourceTree = "<group>"; };
		8731D47A1B4045A5001F73EB /* UICountingLabel.h */ = {isa = PBXFileReference; fileEncoding = 4; lastKnownFileType = sourcecode.c.h; path = UICountingLabel.h; sourceTree = "<group>"; };
		8731D47B1B4045A5001F73EB /* UICountingLabel.m */ = {isa = PBXFileReference; fileEncoding = 4; lastKnownFileType = sourcecode.c.objc; path = UICountingLabel.m; sourceTree = "<group>"; };
		87376AD01B39FEB200B45CA7 /* RepsDataSource.h */ = {isa = PBXFileReference; fileEncoding = 4; lastKnownFileType = sourcecode.c.h; path = RepsDataSource.h; sourceTree = "<group>"; };
		87376AD11B39FEB200B45CA7 /* RepsDataSource.m */ = {isa = PBXFileReference; fileEncoding = 4; lastKnownFileType = sourcecode.c.objc; path = RepsDataSource.m; sourceTree = "<group>"; };
		87376AD31B39FFD300B45CA7 /* RepsCustomCell.h */ = {isa = PBXFileReference; fileEncoding = 4; lastKnownFileType = sourcecode.c.h; path = RepsCustomCell.h; sourceTree = "<group>"; };
		87376AD41B39FFD300B45CA7 /* RepsCustomCell.m */ = {isa = PBXFileReference; fileEncoding = 4; lastKnownFileType = sourcecode.c.objc; path = RepsCustomCell.m; sourceTree = "<group>"; };
		8740B8671B0E759900D60630 /* MyGymApp.app */ = {isa = PBXFileReference; explicitFileType = wrapper.application; includeInIndex = 0; path = MyGymApp.app; sourceTree = BUILT_PRODUCTS_DIR; };
		8740B86B1B0E759900D60630 /* Info.plist */ = {isa = PBXFileReference; lastKnownFileType = text.plist.xml; path = Info.plist; sourceTree = "<group>"; };
		8740B86C1B0E759900D60630 /* main.m */ = {isa = PBXFileReference; lastKnownFileType = sourcecode.c.objc; path = main.m; sourceTree = "<group>"; };
		8740B86E1B0E759900D60630 /* AppDelegate.h */ = {isa = PBXFileReference; lastKnownFileType = sourcecode.c.h; path = AppDelegate.h; sourceTree = "<group>"; };
		8740B86F1B0E759900D60630 /* AppDelegate.m */ = {isa = PBXFileReference; lastKnownFileType = sourcecode.c.objc; path = AppDelegate.m; sourceTree = "<group>"; };
		8740B8711B0E759900D60630 /* MainViewController.h */ = {isa = PBXFileReference; lastKnownFileType = sourcecode.c.h; path = MainViewController.h; sourceTree = "<group>"; };
		8740B8721B0E759900D60630 /* MainViewController.m */ = {isa = PBXFileReference; lastKnownFileType = sourcecode.c.objc; path = MainViewController.m; sourceTree = "<group>"; };
		8740B8751B0E759900D60630 /* Base */ = {isa = PBXFileReference; lastKnownFileType = file.storyboard; name = Base; path = Base.lproj/Main.storyboard; sourceTree = "<group>"; };
		8740B8771B0E759900D60630 /* Images.xcassets */ = {isa = PBXFileReference; lastKnownFileType = folder.assetcatalog; path = Images.xcassets; sourceTree = "<group>"; };
		8740B87A1B0E759900D60630 /* Base */ = {isa = PBXFileReference; lastKnownFileType = file.xib; name = Base; path = Base.lproj/LaunchScreen.xib; sourceTree = "<group>"; };
		8740B8801B0E759900D60630 /* MyGymAppTests.xctest */ = {isa = PBXFileReference; explicitFileType = wrapper.cfbundle; includeInIndex = 0; path = MyGymAppTests.xctest; sourceTree = BUILT_PRODUCTS_DIR; };
		8740B8851B0E759900D60630 /* Info.plist */ = {isa = PBXFileReference; lastKnownFileType = text.plist.xml; path = Info.plist; sourceTree = "<group>"; };
		8740B8861B0E759900D60630 /* MyGymAppTests.m */ = {isa = PBXFileReference; lastKnownFileType = sourcecode.c.objc; path = MyGymAppTests.m; sourceTree = "<group>"; };
		8740B8901B0E78B000D60630 /* ProfilleViewController.h */ = {isa = PBXFileReference; fileEncoding = 4; lastKnownFileType = sourcecode.c.h; path = ProfilleViewController.h; sourceTree = "<group>"; };
		8740B8911B0E78B000D60630 /* ProfilleViewController.m */ = {isa = PBXFileReference; fileEncoding = 4; lastKnownFileType = sourcecode.c.objc; path = ProfilleViewController.m; sourceTree = "<group>"; };
		8740B8941B0ED8D100D60630 /* Model.xcdatamodel */ = {isa = PBXFileReference; lastKnownFileType = wrapper.xcdatamodel; path = Model.xcdatamodel; sourceTree = "<group>"; };
		8740B8991B0EDBDC00D60630 /* Stack.h */ = {isa = PBXFileReference; fileEncoding = 4; lastKnownFileType = sourcecode.c.h; path = Stack.h; sourceTree = "<group>"; };
		8740B89A1B0EDBDC00D60630 /* Stack.m */ = {isa = PBXFileReference; fileEncoding = 4; lastKnownFileType = sourcecode.c.objc; path = Stack.m; sourceTree = "<group>"; };
		8740B89C1B0EDC9300D60630 /* ModelController.h */ = {isa = PBXFileReference; fileEncoding = 4; lastKnownFileType = sourcecode.c.h; path = ModelController.h; sourceTree = "<group>"; };
		8740B89D1B0EDC9300D60630 /* ModelController.m */ = {isa = PBXFileReference; fileEncoding = 4; lastKnownFileType = sourcecode.c.objc; path = ModelController.m; sourceTree = "<group>"; };
		8740B8A31B0FAB5400D60630 /* CoreData.framework */ = {isa = PBXFileReference; lastKnownFileType = wrapper.framework; name = CoreData.framework; path = System/Library/Frameworks/CoreData.framework; sourceTree = SDKROOT; };
		87497EC51B3D0029004E5355 /* Exercise.h */ = {isa = PBXFileReference; fileEncoding = 4; lastKnownFileType = sourcecode.c.h; path = Exercise.h; sourceTree = "<group>"; };
		87497EC61B3D0029004E5355 /* Exercise.m */ = {isa = PBXFileReference; fileEncoding = 4; lastKnownFileType = sourcecode.c.objc; path = Exercise.m; sourceTree = "<group>"; };
		87497EC71B3D0029004E5355 /* Rep.h */ = {isa = PBXFileReference; fileEncoding = 4; lastKnownFileType = sourcecode.c.h; path = Rep.h; sourceTree = "<group>"; };
		87497EC81B3D0029004E5355 /* Rep.m */ = {isa = PBXFileReference; fileEncoding = 4; lastKnownFileType = sourcecode.c.objc; path = Rep.m; sourceTree = "<group>"; };
		87497EC91B3D0029004E5355 /* BodyPart.h */ = {isa = PBXFileReference; fileEncoding = 4; lastKnownFileType = sourcecode.c.h; path = BodyPart.h; sourceTree = "<group>"; };
		87497ECA1B3D0029004E5355 /* BodyPart.m */ = {isa = PBXFileReference; fileEncoding = 4; lastKnownFileType = sourcecode.c.objc; path = BodyPart.m; sourceTree = "<group>"; };
		87497ECB1B3D0029004E5355 /* WorkoutSession.h */ = {isa = PBXFileReference; fileEncoding = 4; lastKnownFileType = sourcecode.c.h; path = WorkoutSession.h; sourceTree = "<group>"; };
		87497ECC1B3D0029004E5355 /* WorkoutSession.m */ = {isa = PBXFileReference; fileEncoding = 4; lastKnownFileType = sourcecode.c.objc; path = WorkoutSession.m; sourceTree = "<group>"; };
		87497ECD1B3D0029004E5355 /* User.h */ = {isa = PBXFileReference; fileEncoding = 4; lastKnownFileType = sourcecode.c.h; path = User.h; sourceTree = "<group>"; };
		87497ECE1B3D0029004E5355 /* User.m */ = {isa = PBXFileReference; fileEncoding = 4; lastKnownFileType = sourcecode.c.objc; path = User.m; sourceTree = "<group>"; };
		8755144A1B348A6C003C7FFE /* RepsViewController.h */ = {isa = PBXFileReference; fileEncoding = 4; lastKnownFileType = sourcecode.c.h; path = RepsViewController.h; sourceTree = "<group>"; };
		8755144B1B348A6C003C7FFE /* RepsViewController.m */ = {isa = PBXFileReference; fileEncoding = 4; lastKnownFileType = sourcecode.c.objc; path = RepsViewController.m; sourceTree = "<group>"; };
		87CE6E351B41D11000AE1E3C /* BodyPartExercisesDataSource.h */ = {isa = PBXFileReference; fileEncoding = 4; lastKnownFileType = sourcecode.c.h; path = BodyPartExercisesDataSource.h; sourceTree = "<group>"; };
		87CE6E361B41D11000AE1E3C /* BodyPartExercisesDataSource.m */ = {isa = PBXFileReference; fileEncoding = 4; lastKnownFileType = sourcecode.c.objc; path = BodyPartExercisesDataSource.m; sourceTree = "<group>"; };
		87CE6E381B41D16100AE1E3C /* BodypartExerciseCustomCell.h */ = {isa = PBXFileReference; fileEncoding = 4; lastKnownFileType = sourcecode.c.h; path = BodypartExerciseCustomCell.h; sourceTree = "<group>"; };
		87CE6E391B41D16100AE1E3C /* BodypartExerciseCustomCell.m */ = {isa = PBXFileReference; fileEncoding = 4; lastKnownFileType = sourcecode.c.objc; path = BodypartExerciseCustomCell.m; sourceTree = "<group>"; };
		87CFC1A61B1D4EDA004DEC16 /* WorkOutSessionsViewController.h */ = {isa = PBXFileReference; fileEncoding = 4; lastKnownFileType = sourcecode.c.h; path = WorkOutSessionsViewController.h; sourceTree = SOURCE_ROOT; };
		87CFC1A71B1D4EDA004DEC16 /* WorkOutSessionsViewController.m */ = {isa = PBXFileReference; fileEncoding = 4; lastKnownFileType = sourcecode.c.objc; path = WorkOutSessionsViewController.m; sourceTree = SOURCE_ROOT; };
		87CFC1A91B1D4F4B004DEC16 /* WorkOutSessionsDataSource.h */ = {isa = PBXFileReference; fileEncoding = 4; lastKnownFileType = sourcecode.c.h; path = WorkOutSessionsDataSource.h; sourceTree = "<group>"; };
		87CFC1AA1B1D4F4B004DEC16 /* WorkOutSessionsDataSource.m */ = {isa = PBXFileReference; fileEncoding = 4; lastKnownFileType = sourcecode.c.objc; path = WorkOutSessionsDataSource.m; sourceTree = "<group>"; };
		87D03C891B3869A000AD0CC2 /* AddExerciseDataSource.h */ = {isa = PBXFileReference; fileEncoding = 4; lastKnownFileType = sourcecode.c.h; path = AddExerciseDataSource.h; sourceTree = "<group>"; };
		87D03C8A1B3869A000AD0CC2 /* AddExerciseDataSource.m */ = {isa = PBXFileReference; fileEncoding = 4; lastKnownFileType = sourcecode.c.objc; path = AddExerciseDataSource.m; sourceTree = "<group>"; };
		87D171A11B30C86C00D3995D /* AddExercisesVC.h */ = {isa = PBXFileReference; fileEncoding = 4; lastKnownFileType = sourcecode.c.h; path = AddExercisesVC.h; sourceTree = "<group>"; };
		87D171A21B30C86C00D3995D /* AddExercisesVC.m */ = {isa = PBXFileReference; fileEncoding = 4; lastKnownFileType = sourcecode.c.objc; path = AddExercisesVC.m; sourceTree = "<group>"; };
/* End PBXFileReference section */

/* Begin PBXFrameworksBuildPhase section */
		8740B8641B0E759900D60630 /* Frameworks */ = {
			isa = PBXFrameworksBuildPhase;
			buildActionMask = 2147483647;
			files = (
				8740B8A41B0FAB5400D60630 /* CoreData.framework in Frameworks */,
			);
			runOnlyForDeploymentPostprocessing = 0;
		};
		8740B87D1B0E759900D60630 /* Frameworks */ = {
			isa = PBXFrameworksBuildPhase;
			buildActionMask = 2147483647;
			files = (
			);
			runOnlyForDeploymentPostprocessing = 0;
		};
/* End PBXFrameworksBuildPhase section */

/* Begin PBXGroup section */
		8731D4841B4045E2001F73EB /* GraphBarVC */ = {
			isa = PBXGroup;
			children = (
				8731D4581B40428A001F73EB /* BarGraphVC.h */,
				8731D4591B40428A001F73EB /* BarGraphVC.m */,
				87CE6E351B41D11000AE1E3C /* BodyPartExercisesDataSource.h */,
				87CE6E361B41D11000AE1E3C /* BodyPartExercisesDataSource.m */,
				87CE6E381B41D16100AE1E3C /* BodypartExerciseCustomCell.h */,
				87CE6E391B41D16100AE1E3C /* BodypartExerciseCustomCell.m */,
			);
			name = GraphBarVC;
			sourceTree = "<group>";
		};
		8740B85E1B0E759900D60630 = {
			isa = PBXGroup;
			children = (
				8740B8691B0E759900D60630 /* MyGymApp */,
				8740B8831B0E759900D60630 /* MyGymAppTests */,
				8740B8681B0E759900D60630 /* Products */,
			);
			sourceTree = "<group>";
		};
		8740B8681B0E759900D60630 /* Products */ = {
			isa = PBXGroup;
			children = (
				8740B8671B0E759900D60630 /* MyGymApp.app */,
				8740B8801B0E759900D60630 /* MyGymAppTests.xctest */,
			);
			name = Products;
			sourceTree = "<group>";
		};
		8740B8691B0E759900D60630 /* MyGymApp */ = {
			isa = PBXGroup;
			children = (
				8740B86E1B0E759900D60630 /* AppDelegate.h */,
				8740B86F1B0E759900D60630 /* AppDelegate.m */,
				870AF1961B45A1CB00B8DF40 /* AppAppearance.h */,
				870AF1971B45A1CB00B8DF40 /* AppAppearance.m */,
				8740B8741B0E759900D60630 /* Main.storyboard */,
				8740B89F1B0EDCA200D60630 /* Model */,
				8740B8A51B1033CE00D60630 /* MainVC */,
				8740B8A61B1033DD00D60630 /* ProfileVC */,
				87CFC1A51B1D4E87004DEC16 /* WorkSessionsVC */,
				8731D4841B4045E2001F73EB /* GraphBarVC */,
				8740B8771B0E759900D60630 /* Images.xcassets */,
				8740B8791B0E759900D60630 /* LaunchScreen.xib */,
				8740B8A31B0FAB5400D60630 /* CoreData.framework */,
				87CE6E3B1B41D60300AE1E3C /* EchartThirdParty */,
				8740B86A1B0E759900D60630 /* Supporting Files */,
			);
			path = MyGymApp;
			sourceTree = "<group>";
		};
		8740B86A1B0E759900D60630 /* Supporting Files */ = {
			isa = PBXGroup;
			children = (
				8740B86B1B0E759900D60630 /* Info.plist */,
				8740B86C1B0E759900D60630 /* main.m */,
			);
			name = "Supporting Files";
			sourceTree = "<group>";
		};
		8740B8831B0E759900D60630 /* MyGymAppTests */ = {
			isa = PBXGroup;
			children = (
				8740B8861B0E759900D60630 /* MyGymAppTests.m */,
				8740B8841B0E759900D60630 /* Supporting Files */,
			);
			path = MyGymAppTests;
			sourceTree = "<group>";
		};
		8740B8841B0E759900D60630 /* Supporting Files */ = {
			isa = PBXGroup;
			children = (
				8740B8851B0E759900D60630 /* Info.plist */,
			);
			name = "Supporting Files";
			sourceTree = "<group>";
		};
		8740B89F1B0EDCA200D60630 /* Model */ = {
			isa = PBXGroup;
			children = (
				87497ECD1B3D0029004E5355 /* User.h */,
				87497ECE1B3D0029004E5355 /* User.m */,
				87497ECB1B3D0029004E5355 /* WorkoutSession.h */,
				87497ECC1B3D0029004E5355 /* WorkoutSession.m */,
				87497EC51B3D0029004E5355 /* Exercise.h */,
				87497EC61B3D0029004E5355 /* Exercise.m */,
				87497EC71B3D0029004E5355 /* Rep.h */,
				87497EC81B3D0029004E5355 /* Rep.m */,
				87497EC91B3D0029004E5355 /* BodyPart.h */,
				87497ECA1B3D0029004E5355 /* BodyPart.m */,
				8740B89C1B0EDC9300D60630 /* ModelController.h */,
				8740B89D1B0EDC9300D60630 /* ModelController.m */,
				8740B8931B0ED8D100D60630 /* Model.xcdatamodeld */,
				8740B8991B0EDBDC00D60630 /* Stack.h */,
				8740B89A1B0EDBDC00D60630 /* Stack.m */,
			);
			name = Model;
			sourceTree = "<group>";
		};
		8740B8A51B1033CE00D60630 /* MainVC */ = {
			isa = PBXGroup;
			children = (
				8740B8711B0E759900D60630 /* MainViewController.h */,
				8740B8721B0E759900D60630 /* MainViewController.m */,
			);
			name = MainVC;
			sourceTree = "<group>";
		};
		8740B8A61B1033DD00D60630 /* ProfileVC */ = {
			isa = PBXGroup;
			children = (
				8740B8901B0E78B000D60630 /* ProfilleViewController.h */,
				8740B8911B0E78B000D60630 /* ProfilleViewController.m */,
			);
			name = ProfileVC;
			sourceTree = "<group>";
		};
		875514491B348A02003C7FFE /* AddExercisesVC */ = {
			isa = PBXGroup;
			children = (
				87D171A11B30C86C00D3995D /* AddExercisesVC.h */,
				87D171A21B30C86C00D3995D /* AddExercisesVC.m */,
				87D03C891B3869A000AD0CC2 /* AddExerciseDataSource.h */,
				87D03C8A1B3869A000AD0CC2 /* AddExerciseDataSource.m */,
				8755144D1B348A7A003C7FFE /* RepsVC */,
			);
			name = AddExercisesVC;
			sourceTree = "<group>";
		};
		8755144D1B348A7A003C7FFE /* RepsVC */ = {
			isa = PBXGroup;
			children = (
				8755144A1B348A6C003C7FFE /* RepsViewController.h */,
				8755144B1B348A6C003C7FFE /* RepsViewController.m */,
				87376AD01B39FEB200B45CA7 /* RepsDataSource.h */,
				87376AD11B39FEB200B45CA7 /* RepsDataSource.m */,
				87376AD31B39FFD300B45CA7 /* RepsCustomCell.h */,
				87376AD41B39FFD300B45CA7 /* RepsCustomCell.m */,
			);
			name = RepsVC;
			sourceTree = "<group>";
		};
		87CE6E3B1B41D60300AE1E3C /* EchartThirdParty */ = {
			isa = PBXGroup;
			children = (
				8731D46C1B4045A5001F73EB /* EColor.h */,
				8731D46D1B4045A5001F73EB /* EColor.m */,
				8731D46E1B4045A5001F73EB /* EColumn.h */,
				8731D46F1B4045A5001F73EB /* EColumn.m */,
				8731D4701B4045A5001F73EB /* EColumnChart.h */,
				8731D4711B4045A5001F73EB /* EColumnChart.m */,
				8731D4721B4045A5001F73EB /* EColumnChartLabel.h */,
				8731D4731B4045A5001F73EB /* EColumnChartLabel.m */,
				8731D4741B4045A5001F73EB /* EColumnDataModel.h */,
				8731D4751B4045A5001F73EB /* EColumnDataModel.m */,
				8731D4761B4045A5001F73EB /* EFloatBox.h */,
				8731D4771B4045A5001F73EB /* EFloatBox.m */,
				8731D4781B4045A5001F73EB /* EViewSwitcher.h */,
				8731D4791B4045A5001F73EB /* EViewSwitcher.m */,
				8731D47A1B4045A5001F73EB /* UICountingLabel.h */,
				8731D47B1B4045A5001F73EB /* UICountingLabel.m */,
			);
			name = EchartThirdParty;
			sourceTree = "<group>";
		};
		87CFC1A51B1D4E87004DEC16 /* WorkSessionsVC */ = {
			isa = PBXGroup;
			children = (
				87CFC1A61B1D4EDA004DEC16 /* WorkOutSessionsViewController.h */,
				87CFC1A71B1D4EDA004DEC16 /* WorkOutSessionsViewController.m */,
				870FDEB81B2BC833009F48A7 /* CustomCellForWorkoutSession.h */,
				870FDEB91B2BC833009F48A7 /* CustomCellForWorkoutSession.m */,
				87CFC1A91B1D4F4B004DEC16 /* WorkOutSessionsDataSource.h */,
				87CFC1AA1B1D4F4B004DEC16 /* WorkOutSessionsDataSource.m */,
				875514491B348A02003C7FFE /* AddExercisesVC */,
			);
			name = WorkSessionsVC;
			sourceTree = "<group>";
		};
/* End PBXGroup section */

/* Begin PBXNativeTarget section */
		8740B8661B0E759900D60630 /* MyGymApp */ = {
			isa = PBXNativeTarget;
			buildConfigurationList = 8740B88A1B0E759900D60630 /* Build configuration list for PBXNativeTarget "MyGymApp" */;
			buildPhases = (
				8740B8631B0E759900D60630 /* Sources */,
				8740B8641B0E759900D60630 /* Frameworks */,
				8740B8651B0E759900D60630 /* Resources */,
			);
			buildRules = (
			);
			dependencies = (
			);
			name = MyGymApp;
			productName = MyGymApp;
			productReference = 8740B8671B0E759900D60630 /* MyGymApp.app */;
			productType = "com.apple.product-type.application";
		};
		8740B87F1B0E759900D60630 /* MyGymAppTests */ = {
			isa = PBXNativeTarget;
			buildConfigurationList = 8740B88D1B0E759900D60630 /* Build configuration list for PBXNativeTarget "MyGymAppTests" */;
			buildPhases = (
				8740B87C1B0E759900D60630 /* Sources */,
				8740B87D1B0E759900D60630 /* Frameworks */,
				8740B87E1B0E759900D60630 /* Resources */,
			);
			buildRules = (
			);
			dependencies = (
				8740B8821B0E759900D60630 /* PBXTargetDependency */,
			);
			name = MyGymAppTests;
			productName = MyGymAppTests;
			productReference = 8740B8801B0E759900D60630 /* MyGymAppTests.xctest */;
			productType = "com.apple.product-type.bundle.unit-test";
		};
/* End PBXNativeTarget section */

/* Begin PBXProject section */
		8740B85F1B0E759900D60630 /* Project object */ = {
			isa = PBXProject;
			attributes = {
				LastUpgradeCheck = 0630;
				ORGANIZATIONNAME = "Gamaliel Tellez";
				TargetAttributes = {
					8740B8661B0E759900D60630 = {
						CreatedOnToolsVersion = 6.3.2;
						DevelopmentTeam = FCJBBVX9H7;
					};
					8740B87F1B0E759900D60630 = {
						CreatedOnToolsVersion = 6.3.2;
						TestTargetID = 8740B8661B0E759900D60630;
					};
				};
			};
			buildConfigurationList = 8740B8621B0E759900D60630 /* Build configuration list for PBXProject "MyGymApp" */;
			compatibilityVersion = "Xcode 3.2";
			developmentRegion = English;
			hasScannedForEncodings = 0;
			knownRegions = (
				en,
				Base,
			);
			mainGroup = 8740B85E1B0E759900D60630;
			productRefGroup = 8740B8681B0E759900D60630 /* Products */;
			projectDirPath = "";
			projectRoot = "";
			targets = (
				8740B8661B0E759900D60630 /* MyGymApp */,
				8740B87F1B0E759900D60630 /* MyGymAppTests */,
			);
		};
/* End PBXProject section */

/* Begin PBXResourcesBuildPhase section */
		8740B8651B0E759900D60630 /* Resources */ = {
			isa = PBXResourcesBuildPhase;
			buildActionMask = 2147483647;
			files = (
				8740B8761B0E759900D60630 /* Main.storyboard in Resources */,
				8740B87B1B0E759900D60630 /* LaunchScreen.xib in Resources */,
				8740B8781B0E759900D60630 /* Images.xcassets in Resources */,
			);
			runOnlyForDeploymentPostprocessing = 0;
		};
		8740B87E1B0E759900D60630 /* Resources */ = {
			isa = PBXResourcesBuildPhase;
			buildActionMask = 2147483647;
			files = (
			);
			runOnlyForDeploymentPostprocessing = 0;
		};
/* End PBXResourcesBuildPhase section */

/* Begin PBXSourcesBuildPhase section */
		8740B8631B0E759900D60630 /* Sources */ = {
			isa = PBXSourcesBuildPhase;
			buildActionMask = 2147483647;
			files = (
				87497ED31B3D0029004E5355 /* User.m in Sources */,
				8731D4831B4045A5001F73EB /* UICountingLabel.m in Sources */,
				87CE6E3A1B41D16100AE1E3C /* BodypartExerciseCustomCell.m in Sources */,
				8740B8731B0E759900D60630 /* MainViewController.m in Sources */,
				87497ED21B3D0029004E5355 /* WorkoutSession.m in Sources */,
				87CFC1A81B1D4EDA004DEC16 /* WorkOutSessionsViewController.m in Sources */,
				8740B89B1B0EDBDC00D60630 /* Stack.m in Sources */,
				8740B8701B0E759900D60630 /* AppDelegate.m in Sources */,
				87376AD21B39FEB200B45CA7 /* RepsDataSource.m in Sources */,
				87CE6E371B41D11000AE1E3C /* BodyPartExercisesDataSource.m in Sources */,
				8731D45A1B40428A001F73EB /* BarGraphVC.m in Sources */,
				87497ED01B3D0029004E5355 /* Rep.m in Sources */,
				87376AD51B39FFD300B45CA7 /* RepsCustomCell.m in Sources */,
				8731D4811B4045A5001F73EB /* EFloatBox.m in Sources */,
				8740B8951B0ED8D100D60630 /* Model.xcdatamodeld in Sources */,
				8731D47F1B4045A5001F73EB /* EColumnChartLabel.m in Sources */,
				870FDEBA1B2BC833009F48A7 /* CustomCellForWorkoutSession.m in Sources */,
				8731D47D1B4045A5001F73EB /* EColumn.m in Sources */,
				8740B86D1B0E759900D60630 /* main.m in Sources */,
				8731D47E1B4045A5001F73EB /* EColumnChart.m in Sources */,
				8731D47C1B4045A5001F73EB /* EColor.m in Sources */,
				8755144C1B348A6C003C7FFE /* RepsViewController.m in Sources */,
				87D03C8B1B3869A000AD0CC2 /* AddExerciseDataSource.m in Sources */,
				8731D4801B4045A5001F73EB /* EColumnDataModel.m in Sources */,
				8740B89E1B0EDC9300D60630 /* ModelController.m in Sources */,
				8740B8921B0E78B000D60630 /* ProfilleViewController.m in Sources */,
				8731D4821B4045A5001F73EB /* EViewSwitcher.m in Sources */,
				870AF1981B45A1CB00B8DF40 /* AppAppearance.m in Sources */,
				87497ED11B3D0029004E5355 /* BodyPart.m in Sources */,
				87497ECF1B3D0029004E5355 /* Exercise.m in Sources */,
				87CFC1AB1B1D4F4B004DEC16 /* WorkOutSessionsDataSource.m in Sources */,
				87D171A31B30C86C00D3995D /* AddExercisesVC.m in Sources */,
			);
			runOnlyForDeploymentPostprocessing = 0;
		};
		8740B87C1B0E759900D60630 /* Sources */ = {
			isa = PBXSourcesBuildPhase;
			buildActionMask = 2147483647;
			files = (
				8740B8871B0E759900D60630 /* MyGymAppTests.m in Sources */,
			);
			runOnlyForDeploymentPostprocessing = 0;
		};
/* End PBXSourcesBuildPhase section */

/* Begin PBXTargetDependency section */
		8740B8821B0E759900D60630 /* PBXTargetDependency */ = {
			isa = PBXTargetDependency;
			target = 8740B8661B0E759900D60630 /* MyGymApp */;
			targetProxy = 8740B8811B0E759900D60630 /* PBXContainerItemProxy */;
		};
/* End PBXTargetDependency section */

/* Begin PBXVariantGroup section */
		8740B8741B0E759900D60630 /* Main.storyboard */ = {
			isa = PBXVariantGroup;
			children = (
				8740B8751B0E759900D60630 /* Base */,
			);
			name = Main.storyboard;
			sourceTree = "<group>";
		};
		8740B8791B0E759900D60630 /* LaunchScreen.xib */ = {
			isa = PBXVariantGroup;
			children = (
				8740B87A1B0E759900D60630 /* Base */,
			);
			name = LaunchScreen.xib;
			sourceTree = "<group>";
		};
/* End PBXVariantGroup section */

/* Begin XCBuildConfiguration section */
		8740B8881B0E759900D60630 /* Debug */ = {
			isa = XCBuildConfiguration;
			buildSettings = {
				ALWAYS_SEARCH_USER_PATHS = NO;
				CLANG_CXX_LANGUAGE_STANDARD = "gnu++0x";
				CLANG_CXX_LIBRARY = "libc++";
				CLANG_ENABLE_MODULES = YES;
				CLANG_ENABLE_OBJC_ARC = YES;
				CLANG_WARN_BOOL_CONVERSION = YES;
				CLANG_WARN_CONSTANT_CONVERSION = YES;
				CLANG_WARN_DIRECT_OBJC_ISA_USAGE = YES_ERROR;
				CLANG_WARN_EMPTY_BODY = YES;
				CLANG_WARN_ENUM_CONVERSION = YES;
				CLANG_WARN_INT_CONVERSION = YES;
				CLANG_WARN_OBJC_ROOT_CLASS = YES_ERROR;
				CLANG_WARN_UNREACHABLE_CODE = YES;
				CLANG_WARN__DUPLICATE_METHOD_MATCH = YES;
				"CODE_SIGN_IDENTITY[sdk=iphoneos*]" = "iPhone Developer";
				COPY_PHASE_STRIP = NO;
				DEBUG_INFORMATION_FORMAT = "dwarf-with-dsym";
				ENABLE_STRICT_OBJC_MSGSEND = YES;
				GCC_C_LANGUAGE_STANDARD = gnu99;
				GCC_DYNAMIC_NO_PIC = NO;
				GCC_NO_COMMON_BLOCKS = YES;
				GCC_OPTIMIZATION_LEVEL = 0;
				GCC_PREPROCESSOR_DEFINITIONS = (
					"DEBUG=1",
					"$(inherited)",
				);
				GCC_SYMBOLS_PRIVATE_EXTERN = NO;
				GCC_WARN_64_TO_32_BIT_CONVERSION = YES;
				GCC_WARN_ABOUT_RETURN_TYPE = YES_ERROR;
				GCC_WARN_UNDECLARED_SELECTOR = YES;
				GCC_WARN_UNINITIALIZED_AUTOS = YES_AGGRESSIVE;
				GCC_WARN_UNUSED_FUNCTION = YES;
				GCC_WARN_UNUSED_VARIABLE = YES;
				IPHONEOS_DEPLOYMENT_TARGET = 8.3;
				MTL_ENABLE_DEBUG_INFO = YES;
				ONLY_ACTIVE_ARCH = YES;
				SDKROOT = iphoneos;
				TARGETED_DEVICE_FAMILY = "1,2";
			};
			name = Debug;
		};
		8740B8891B0E759900D60630 /* Release */ = {
			isa = XCBuildConfiguration;
			buildSettings = {
				ALWAYS_SEARCH_USER_PATHS = NO;
				CLANG_CXX_LANGUAGE_STANDARD = "gnu++0x";
				CLANG_CXX_LIBRARY = "libc++";
				CLANG_ENABLE_MODULES = YES;
				CLANG_ENABLE_OBJC_ARC = YES;
				CLANG_WARN_BOOL_CONVERSION = YES;
				CLANG_WARN_CONSTANT_CONVERSION = YES;
				CLANG_WARN_DIRECT_OBJC_ISA_USAGE = YES_ERROR;
				CLANG_WARN_EMPTY_BODY = YES;
				CLANG_WARN_ENUM_CONVERSION = YES;
				CLANG_WARN_INT_CONVERSION = YES;
				CLANG_WARN_OBJC_ROOT_CLASS = YES_ERROR;
				CLANG_WARN_UNREACHABLE_CODE = YES;
				CLANG_WARN__DUPLICATE_METHOD_MATCH = YES;
				"CODE_SIGN_IDENTITY[sdk=iphoneos*]" = "iPhone Developer";
				COPY_PHASE_STRIP = NO;
				DEBUG_INFORMATION_FORMAT = "dwarf-with-dsym";
				ENABLE_NS_ASSERTIONS = NO;
				ENABLE_STRICT_OBJC_MSGSEND = YES;
				GCC_C_LANGUAGE_STANDARD = gnu99;
				GCC_NO_COMMON_BLOCKS = YES;
				GCC_WARN_64_TO_32_BIT_CONVERSION = YES;
				GCC_WARN_ABOUT_RETURN_TYPE = YES_ERROR;
				GCC_WARN_UNDECLARED_SELECTOR = YES;
				GCC_WARN_UNINITIALIZED_AUTOS = YES_AGGRESSIVE;
				GCC_WARN_UNUSED_FUNCTION = YES;
				GCC_WARN_UNUSED_VARIABLE = YES;
				IPHONEOS_DEPLOYMENT_TARGET = 8.3;
				MTL_ENABLE_DEBUG_INFO = NO;
				SDKROOT = iphoneos;
				TARGETED_DEVICE_FAMILY = "1,2";
				VALIDATE_PRODUCT = YES;
			};
			name = Release;
		};
		8740B88B1B0E759900D60630 /* Debug */ = {
			isa = XCBuildConfiguration;
			buildSettings = {
				ASSETCATALOG_COMPILER_APPICON_NAME = AppIcon;
				CODE_SIGN_IDENTITY = "iPhone Developer";
				"CODE_SIGN_IDENTITY[sdk=iphoneos*]" = "iPhone Developer";
				INFOPLIST_FILE = MyGymApp/Info.plist;
				LD_RUNPATH_SEARCH_PATHS = "$(inherited) @executable_path/Frameworks";
				PRODUCT_NAME = "$(TARGET_NAME)";
				PROVISIONING_PROFILE = "";
				TARGETED_DEVICE_FAMILY = 1;
			};
			name = Debug;
		};
		8740B88C1B0E759900D60630 /* Release */ = {
			isa = XCBuildConfiguration;
			buildSettings = {
				ASSETCATALOG_COMPILER_APPICON_NAME = AppIcon;
				CODE_SIGN_IDENTITY = "iPhone Developer";
				"CODE_SIGN_IDENTITY[sdk=iphoneos*]" = "iPhone Developer";
				INFOPLIST_FILE = MyGymApp/Info.plist;
				LD_RUNPATH_SEARCH_PATHS = "$(inherited) @executable_path/Frameworks";
				PRODUCT_NAME = "$(TARGET_NAME)";
				PROVISIONING_PROFILE = "";
				TARGETED_DEVICE_FAMILY = 1;
			};
			name = Release;
		};
		8740B88E1B0E759900D60630 /* Debug */ = {
			isa = XCBuildConfiguration;
			buildSettings = {
				BUNDLE_LOADER = "$(TEST_HOST)";
				FRAMEWORK_SEARCH_PATHS = (
					"$(SDKROOT)/Developer/Library/Frameworks",
					"$(inherited)",
				);
				GCC_PREPROCESSOR_DEFINITIONS = (
					"DEBUG=1",
					"$(inherited)",
				);
				INFOPLIST_FILE = MyGymAppTests/Info.plist;
				LD_RUNPATH_SEARCH_PATHS = "$(inherited) @executable_path/Frameworks @loader_path/Frameworks";
				PRODUCT_NAME = "$(TARGET_NAME)";
				TEST_HOST = "$(BUILT_PRODUCTS_DIR)/MyGymApp.app/MyGymApp";
			};
			name = Debug;
		};
		8740B88F1B0E759900D60630 /* Release */ = {
			isa = XCBuildConfiguration;
			buildSettings = {
				BUNDLE_LOADER = "$(TEST_HOST)";
				FRAMEWORK_SEARCH_PATHS = (
					"$(SDKROOT)/Developer/Library/Frameworks",
					"$(inherited)",
				);
				INFOPLIST_FILE = MyGymAppTests/Info.plist;
				LD_RUNPATH_SEARCH_PATHS = "$(inherited) @executable_path/Frameworks @loader_path/Frameworks";
				PRODUCT_NAME = "$(TARGET_NAME)";
				TEST_HOST = "$(BUILT_PRODUCTS_DIR)/MyGymApp.app/MyGymApp";
			};
			name = Release;
		};
/* End XCBuildConfiguration section */

/* Begin XCConfigurationList section */
		8740B8621B0E759900D60630 /* Build configuration list for PBXProject "MyGymApp" */ = {
			isa = XCConfigurationList;
			buildConfigurations = (
				8740B8881B0E759900D60630 /* Debug */,
				8740B8891B0E759900D60630 /* Release */,
			);
			defaultConfigurationIsVisible = 0;
			defaultConfigurationName = Release;
		};
		8740B88A1B0E759900D60630 /* Build configuration list for PBXNativeTarget "MyGymApp" */ = {
			isa = XCConfigurationList;
			buildConfigurations = (
				8740B88B1B0E759900D60630 /* Debug */,
				8740B88C1B0E759900D60630 /* Release */,
			);
			defaultConfigurationIsVisible = 0;
			defaultConfigurationName = Release;
		};
		8740B88D1B0E759900D60630 /* Build configuration list for PBXNativeTarget "MyGymAppTests" */ = {
			isa = XCConfigurationList;
			buildConfigurations = (
				8740B88E1B0E759900D60630 /* Debug */,
				8740B88F1B0E759900D60630 /* Release */,
			);
			defaultConfigurationIsVisible = 0;
			defaultConfigurationName = Release;
		};
/* End XCConfigurationList section */

/* Begin XCVersionGroup section */
		8740B8931B0ED8D100D60630 /* Model.xcdatamodeld */ = {
			isa = XCVersionGroup;
			children = (
				8740B8941B0ED8D100D60630 /* Model.xcdatamodel */,
			);
			currentVersion = 8740B8941B0ED8D100D60630 /* Model.xcdatamodel */;
			path = Model.xcdatamodeld;
			sourceTree = "<group>";
			versionGroupType = wrapper.xcdatamodel;
		};
/* End XCVersionGroup section */
	};
	rootObject = 8740B85F1B0E759900D60630 /* Project object */;
}
